
Microsoft Visual Studio Solution File, Format Version 12.00
# Visual Studio Version 17
VisualStudioVersion = 17.4.33213.308
MinimumVisualStudioVersion = 10.0.40219.1
Project("{FAE04EC0-301F-11D3-BF4B-00C04F79EFBC}") = "Taxi", "Taxi\Taxi.csproj", "{43224A7C-363D-4DCA-8692-AB6D8FA6BF19}"
EndProject
Global
	GlobalSection(SolutionConfigurationPlatforms) = preSolution
		Debug|Any CPU = Debug|Any CPU
		Release|Any CPU = Release|Any CPU
	EndGlobalSection
	GlobalSection(ProjectConfigurationPlatforms) = postSolution
		{43224A7C-363D-4DCA-8692-AB6D8FA6BF19}.Debug|Any CPU.ActiveCfg = Debug|Any CPU
		{43224A7C-363D-4DCA-8692-AB6D8FA6BF19}.Debug|Any CPU.Build.0 = Debug|Any CPU
		{43224A7C-363D-4DCA-8692-AB6D8FA6BF19}.Release|Any CPU.ActiveCfg = Release|Any CPU
		{43224A7C-363D-4DCA-8692-AB6D8FA6BF19}.Release|Any CPU.Build.0 = Release|Any CPU
	EndGlobalSection
	GlobalSection(SolutionProperties) = preSolution
		HideSolutionNode = FALSE
	EndGlobalSection
	GlobalSection(ExtensibilityGlobals) = postSolution
		SolutionGuid = {4E800F39-5A40-444E-B274-8D2E4244BD9E}
	EndGlobalSection
EndGlobal
